
Microsoft Visual Studio Solution File, Format Version 12.00
# Visual Studio Version 17
VisualStudioVersion = 17.5.33516.290
MinimumVisualStudioVersion = 10.0.40219.1
Project("{FAE04EC0-301F-11D3-BF4B-00C04F79EFBC}") = "TestApp", "TestApp\TestApp.csproj", "{C147520B-8DFD-40C1-9302-0643BAD35216}"
EndProject
Project("{FAE04EC0-301F-11D3-BF4B-00C04F79EFBC}") = "ClassLibrary1", "ClassLibrary1\ClassLibrary1.csproj", "{0791BB51-184A-4A60-B86B-18242F46B032}"
EndProject
Global
	GlobalSection(SolutionConfigurationPlatforms) = preSolution
		Debug|Any CPU = Debug|Any CPU
		Release|Any CPU = Release|Any CPU
	EndGlobalSection
	GlobalSection(ProjectConfigurationPlatforms) = postSolution
		{C147520B-8DFD-40C1-9302-0643BAD35216}.Debug|Any CPU.ActiveCfg = Debug|Any CPU
		{C147520B-8DFD-40C1-9302-0643BAD35216}.Debug|Any CPU.Build.0 = Debug|Any CPU
		{C147520B-8DFD-40C1-9302-0643BAD35216}.Release|Any CPU.ActiveCfg = Release|Any CPU
		{C147520B-8DFD-40C1-9302-0643BAD35216}.Release|Any CPU.Build.0 = Release|Any CPU
		{0791BB51-184A-4A60-B86B-18242F46B032}.Debug|Any CPU.ActiveCfg = Debug|Any CPU
		{0791BB51-184A-4A60-B86B-18242F46B032}.Debug|Any CPU.Build.0 = Debug|Any CPU
		{0791BB51-184A-4A60-B86B-18242F46B032}.Release|Any CPU.ActiveCfg = Release|Any CPU
		{0791BB51-184A-4A60-B86B-18242F46B032}.Release|Any CPU.Build.0 = Release|Any CPU
	EndGlobalSection
	GlobalSection(SolutionProperties) = preSolution
		HideSolutionNode = FALSE
	EndGlobalSection
	GlobalSection(ExtensibilityGlobals) = postSolution
		SolutionGuid = {1C5E0EB2-9E41-4905-BBBC-9BCBF2579133}
	EndGlobalSection
EndGlobal
